PODS:
  - VibesPush (2.1.00):
    - VibesPush/Core (= 2.1.00)
  - VibesPush/Core (2.1.00)

DEPENDENCIES:
  - "VibesPush (from `git@github.com:vibes/push-sdk-ios`, tag `2.1.00`)"

EXTERNAL SOURCES:
  VibesPush:
    :git: "git@github.com:vibes/push-sdk-ios"
    :tag: 2.1.00

CHECKOUT OPTIONS:
  VibesPush:
    :git: "git@github.com:vibes/push-sdk-ios"
    :tag: 2.1.00

SPEC CHECKSUMS:
  VibesPush: b0a6d53401a226d5d3fcd2a1e66c442d2fc0a725

PODFILE CHECKSUM: a50c1a9345f917d62a12cd8c77cf1d1c25666305

COCOAPODS: 1.5.0
