PODS:
  - OHHTTPStubs (6.1.0):
    - OHHTTPStubs/Default (= 6.1.0)
  - OHHTTPStubs/Core (6.1.0)
  - OHHTTPStubs/Default (6.1.0):
    - OHHTTPStubs/Core
    - OHHTTPStubs/JSON
    - OHHTTPStubs/NSURLSession
    - OHHTTPStubs/OHPathHelpers
  - OHHTTPStubs/JSON (6.1.0):
    - OHHTTPStubs/Core
  - OHHTTPStubs/NSURLSession (6.1.0):
    - OHHTTPStubs/Core
  - OHHTTPStubs/OHPathHelpers (6.1.0)
  - OHHTTPStubs/Swift (6.1.0):
    - OHHTTPStubs/Default
  - RxCocoa (3.6.1):
    - RxSwift (~> 3.6)
  - RxSwift (3.6.1)
  - VibesPush (2.0.1.sw4)

DEPENDENCIES:
  - OHHTTPStubs
  - OHHTTPStubs/Swift
  - RxCocoa
  - RxSwift (~> 3.0)
  - VibesPush (= 2.0.1.sw4)

SPEC CHECKSUMS:
  OHHTTPStubs: 1e21c7d2c084b8153fc53d48400d8919d2d432d0
  RxCocoa: 84a08739ab186248c7f31ce4ee92d6f8a947d690
  RxSwift: f9de85ea20cd2f7716ee5409fc13523dc638e4e4
  VibesPush: 754d3b1ca77b54768d006bd21ceb039b4838bf12

PODFILE CHECKSUM: 4a1d1fc4c091618d65d6013d2b6d60d480ea5878

COCOAPODS: 1.4.0
