// !$*UTF8*$!
{
	archiveVersion = 1;
	classes = {
	};
	objectVersion = 48;
	objects = {

/* Begin PBXBuildFile section */
		44740FD71F82EC55009BB98F /* LaunchScreen.storyboard in Resources */ = {isa = PBXBuildFile; fileRef = 44740FD51F82EC55009BB98F /* LaunchScreen.storyboard */; };
		44A118341F87CB4E008042B2 /* Assets.xcassets in Resources */ = {isa = PBXBuildFile; fileRef = 44A118331F87CB4E008042B2 /* Assets.xcassets */; };
		44A95D351F82E14A003F4982 /* AppDelegate.swift in Sources */ = {isa = PBXBuildFile; fileRef = 44A95D341F82E14A003F4982 /* AppDelegate.swift */; };
		FC32083CFD2B50A0ABCB6C32 /* Pods_ios_sdk_example_app.framework in Frameworks */ = {isa = PBXBuildFile; fileRef = 8A4CC6FEDDE5132B8ED60AF6 /* Pods_ios_sdk_example_app.framework */; };
/* End PBXBuildFile section */

/* Begin PBXFileReference section */
		4430B2261F87D6B100EFE13B /* ios-sdk-example-app.entitlements */ = {isa = PBXFileReference; lastKnownFileType = text.plist.entitlements; path = "ios-sdk-example-app.entitlements"; sourceTree = "<group>"; };
		44740FD61F82EC55009BB98F /* Base */ = {isa = PBXFileReference; lastKnownFileType = file.storyboard; name = Base; path = "ios-sdk-example-app/Base.lproj/LaunchScreen.storyboard"; sourceTree = SOURCE_ROOT; };
		44A118331F87CB4E008042B2 /* Assets.xcassets */ = {isa = PBXFileReference; lastKnownFileType = folder.assetcatalog; path = Assets.xcassets; sourceTree = "<group>"; };
		44A95D311F82E14A003F4982 /* ios-sdk-example-app.app */ = {isa = PBXFileReference; explicitFileType = wrapper.application; includeInIndex = 0; path = "ios-sdk-example-app.app"; sourceTree = BUILT_PRODUCTS_DIR; };
		44A95D341F82E14A003F4982 /* AppDelegate.swift */ = {isa = PBXFileReference; lastKnownFileType = sourcecode.swift; path = AppDelegate.swift; sourceTree = "<group>"; };
		44A95D3B1F82E14A003F4982 /* Info.plist */ = {isa = PBXFileReference; lastKnownFileType = text.plist.xml; path = Info.plist; sourceTree = "<group>"; };
		8A4CC6FEDDE5132B8ED60AF6 /* Pods_ios_sdk_example_app.framework */ = {isa = PBXFileReference; explicitFileType = wrapper.framework; includeInIndex = 0; path = Pods_ios_sdk_example_app.framework; sourceTree = BUILT_PRODUCTS_DIR; };
		A6968091B71D3F0E3C32D1F5 /* Pods-ios-sdk-example-app.debug.xcconfig */ = {isa = PBXFileReference; includeInIndex = 1; lastKnownFileType = text.xcconfig; name = "Pods-ios-sdk-example-app.debug.xcconfig"; path = "Pods/Target Support Files/Pods-ios-sdk-example-app/Pods-ios-sdk-example-app.debug.xcconfig"; sourceTree = "<group>"; };
		FD6CF86CC516414E4CE7712C /* Pods-ios-sdk-example-app.release.xcconfig */ = {isa = PBXFileReference; includeInIndex = 1; lastKnownFileType = text.xcconfig; name = "Pods-ios-sdk-example-app.release.xcconfig"; path = "Pods/Target Support Files/Pods-ios-sdk-example-app/Pods-ios-sdk-example-app.release.xcconfig"; sourceTree = "<group>"; };
/* End PBXFileReference section */

/* Begin PBXFrameworksBuildPhase section */
		44A95D2E1F82E14A003F4982 /* Frameworks */ = {
			isa = PBXFrameworksBuildPhase;
			buildActionMask = 2147483647;
			files = (
				FC32083CFD2B50A0ABCB6C32 /* Pods_ios_sdk_example_app.framework in Frameworks */,
			);
			runOnlyForDeploymentPostprocessing = 0;
		};
/* End PBXFrameworksBuildPhase section */

/* Begin PBXGroup section */
		2499BD03E3F67F3B4CA7065A /* Frameworks */ = {
			isa = PBXGroup;
			children = (
				8A4CC6FEDDE5132B8ED60AF6 /* Pods_ios_sdk_example_app.framework */,
			);
			name = Frameworks;
			sourceTree = "<group>";
		};
		44A95D281F82E14A003F4982 = {
			isa = PBXGroup;
			children = (
				44A95D331F82E14A003F4982 /* ios-sdk-example-app */,
				44A95D321F82E14A003F4982 /* Products */,
				B035D0FF7290E3459AD21B9D /* Pods */,
				2499BD03E3F67F3B4CA7065A /* Frameworks */,
			);
			sourceTree = "<group>";
		};
		44A95D321F82E14A003F4982 /* Products */ = {
			isa = PBXGroup;
			children = (
				44A95D311F82E14A003F4982 /* ios-sdk-example-app.app */,
			);
			name = Products;
			sourceTree = "<group>";
		};
		44A95D331F82E14A003F4982 /* ios-sdk-example-app */ = {
			isa = PBXGroup;
			children = (
				4430B2261F87D6B100EFE13B /* ios-sdk-example-app.entitlements */,
				44A95D341F82E14A003F4982 /* AppDelegate.swift */,
				44A95D3B1F82E14A003F4982 /* Info.plist */,
				44DF4C221F82E995006219D6 /* Resources */,
			);
			path = "ios-sdk-example-app";
			sourceTree = "<group>";
		};
		44DF4C221F82E995006219D6 /* Resources */ = {
			isa = PBXGroup;
			children = (
				44A118331F87CB4E008042B2 /* Assets.xcassets */,
				44740FD51F82EC55009BB98F /* LaunchScreen.storyboard */,
			);
			path = Resources;
			sourceTree = "<group>";
		};
		B035D0FF7290E3459AD21B9D /* Pods */ = {
			isa = PBXGroup;
			children = (
				A6968091B71D3F0E3C32D1F5 /* Pods-ios-sdk-example-app.debug.xcconfig */,
				FD6CF86CC516414E4CE7712C /* Pods-ios-sdk-example-app.release.xcconfig */,
			);
			name = Pods;
			sourceTree = "<group>";
		};
/* End PBXGroup section */

/* Begin PBXNativeTarget section */
		44A95D301F82E14A003F4982 /* ios-sdk-example-app */ = {
			isa = PBXNativeTarget;
			buildConfigurationList = 44A95D3E1F82E14A003F4982 /* Build configuration list for PBXNativeTarget "ios-sdk-example-app" */;
			buildPhases = (
				A246ACE7D27EB461DD0227CC /* [CP] Check Pods Manifest.lock */,
				44A95D2D1F82E14A003F4982 /* Sources */,
				44A95D2E1F82E14A003F4982 /* Frameworks */,
				44A95D2F1F82E14A003F4982 /* Resources */,
				B4E4F84660AC8BCF496A006A /* [CP] Embed Pods Frameworks */,
			);
			buildRules = (
			);
			dependencies = (
			);
			name = "ios-sdk-example-app";
			productName = "ios-sdk-example-app";
			productReference = 44A95D311F82E14A003F4982 /* ios-sdk-example-app.app */;
			productType = "com.apple.product-type.application";
		};
/* End PBXNativeTarget section */

/* Begin PBXProject section */
		44A95D291F82E14A003F4982 /* Project object */ = {
			isa = PBXProject;
			attributes = {
				LastSwiftUpdateCheck = 0910;
				LastUpgradeCheck = 0900;
				ORGANIZATIONNAME = "Vibes Media";
				TargetAttributes = {
					44A95D301F82E14A003F4982 = {
						CreatedOnToolsVersion = 9.0;
						ProvisioningStyle = Automatic;
						SystemCapabilities = {
							com.apple.BackgroundModes = {
								enabled = 1;
							};
							com.apple.Push = {
								enabled = 1;
							};
						};
					};
				};
			};
			buildConfigurationList = 44A95D2C1F82E14A003F4982 /* Build configuration list for PBXProject "ios-sdk-example-app" */;
			compatibilityVersion = "Xcode 8.0";
			developmentRegion = en;
			hasScannedForEncodings = 0;
			knownRegions = (
				en,
				Base,
			);
			mainGroup = 44A95D281F82E14A003F4982;
			productRefGroup = 44A95D321F82E14A003F4982 /* Products */;
			projectDirPath = "";
			projectRoot = "";
			targets = (
				44A95D301F82E14A003F4982 /* ios-sdk-example-app */,
			);
		};
/* End PBXProject section */

/* Begin PBXResourcesBuildPhase section */
		44A95D2F1F82E14A003F4982 /* Resources */ = {
			isa = PBXResourcesBuildPhase;
			buildActionMask = 2147483647;
			files = (
				44740FD71F82EC55009BB98F /* LaunchScreen.storyboard in Resources */,
				44A118341F87CB4E008042B2 /* Assets.xcassets in Resources */,
			);
			runOnlyForDeploymentPostprocessing = 0;
		};
/* End PBXResourcesBuildPhase section */

/* Begin PBXShellScriptBuildPhase section */
		A246ACE7D27EB461DD0227CC /* [CP] Check Pods Manifest.lock */ = {
			isa = PBXShellScriptBuildPhase;
			buildActionMask = 2147483647;
			files = (
			);
			inputPaths = (
				"${PODS_PODFILE_DIR_PATH}/Podfile.lock",
				"${PODS_ROOT}/Manifest.lock",
			);
			name = "[CP] Check Pods Manifest.lock";
			outputPaths = (
				"$(DERIVED_FILE_DIR)/Pods-ios-sdk-example-app-checkManifestLockResult.txt",
			);
			runOnlyForDeploymentPostprocessing = 0;
			shellPath = /bin/sh;
			shellScript = "diff \"${PODS_PODFILE_DIR_PATH}/Podfile.lock\" \"${PODS_ROOT}/Manifest.lock\" > /dev/null\nif [ $? != 0 ] ; then\n    # print error to STDERR\n    echo \"error: The sandbox is not in sync with the Podfile.lock. Run 'pod install' or update your CocoaPods installation.\" >&2\n    exit 1\nfi\n# This output is used by Xcode 'outputs' to avoid re-running this script phase.\necho \"SUCCESS\" > \"${SCRIPT_OUTPUT_FILE_0}\"\n";
			showEnvVarsInLog = 0;
		};
		B4E4F84660AC8BCF496A006A /* [CP] Embed Pods Frameworks */ = {
			isa = PBXShellScriptBuildPhase;
			buildActionMask = 2147483647;
			files = (
			);
			inputPaths = (
				"${SRCROOT}/Pods/Target Support Files/Pods-ios-sdk-example-app/Pods-ios-sdk-example-app-frameworks.sh",
				"${PODS_ROOT}/VibesPush/VibesPush.framework",
			);
			name = "[CP] Embed Pods Frameworks";
			outputPaths = (
				"${TARGET_BUILD_DIR}/${FRAMEWORKS_FOLDER_PATH}/VibesPush.framework",
			);
			runOnlyForDeploymentPostprocessing = 0;
			shellPath = /bin/sh;
			shellScript = "\"${SRCROOT}/Pods/Target Support Files/Pods-ios-sdk-example-app/Pods-ios-sdk-example-app-frameworks.sh\"\n";
			showEnvVarsInLog = 0;
		};
/* End PBXShellScriptBuildPhase section */

/* Begin PBXSourcesBuildPhase section */
		44A95D2D1F82E14A003F4982 /* Sources */ = {
			isa = PBXSourcesBuildPhase;
			buildActionMask = 2147483647;
			files = (
				44A95D351F82E14A003F4982 /* AppDelegate.swift in Sources */,
			);
			runOnlyForDeploymentPostprocessing = 0;
		};
/* End PBXSourcesBuildPhase section */

/* Begin PBXVariantGroup section */
		44740FD51F82EC55009BB98F /* LaunchScreen.storyboard */ = {
			isa = PBXVariantGroup;
			children = (
				44740FD61F82EC55009BB98F /* Base */,
			);
			name = LaunchScreen.storyboard;
			sourceTree = "<group>";
		};
/* End PBXVariantGroup section */

/* Begin XCBuildConfiguration section */
		44A95D3C1F82E14A003F4982 /* Debug */ = {
			isa = XCBuildConfiguration;
			buildSettings = {
				ALWAYS_SEARCH_USER_PATHS = NO;
				CLANG_ANALYZER_NONNULL = YES;
				CLANG_ANALYZER_NUMBER_OBJECT_CONVERSION = YES_AGGRESSIVE;
				CLANG_CXX_LANGUAGE_STANDARD = "gnu++14";
				CLANG_CXX_LIBRARY = "libc++";
				CLANG_ENABLE_MODULES = YES;
				CLANG_ENABLE_OBJC_ARC = YES;
				CLANG_WARN_BLOCK_CAPTURE_AUTORELEASING = YES;
				CLANG_WARN_BOOL_CONVERSION = YES;
				CLANG_WARN_COMMA = YES;
				CLANG_WARN_CONSTANT_CONVERSION = YES;
				CLANG_WARN_DIRECT_OBJC_ISA_USAGE = YES_ERROR;
				CLANG_WARN_DOCUMENTATION_COMMENTS = YES;
				CLANG_WARN_EMPTY_BODY = YES;
				CLANG_WARN_ENUM_CONVERSION = YES;
				CLANG_WARN_INFINITE_RECURSION = YES;
				CLANG_WARN_INT_CONVERSION = YES;
				CLANG_WARN_NON_LITERAL_NULL_CONVERSION = YES;
				CLANG_WARN_OBJC_LITERAL_CONVERSION = YES;
				CLANG_WARN_OBJC_ROOT_CLASS = YES_ERROR;
				CLANG_WARN_RANGE_LOOP_ANALYSIS = YES;
				CLANG_WARN_STRICT_PROTOTYPES = YES;
				CLANG_WARN_SUSPICIOUS_MOVE = YES;
				CLANG_WARN_UNGUARDED_AVAILABILITY = YES_AGGRESSIVE;
				CLANG_WARN_UNREACHABLE_CODE = YES;
				CLANG_WARN__DUPLICATE_METHOD_MATCH = YES;
				CODE_SIGN_IDENTITY = "iPhone Developer";
				COPY_PHASE_STRIP = NO;
				DEBUG_INFORMATION_FORMAT = dwarf;
				ENABLE_STRICT_OBJC_MSGSEND = YES;
				ENABLE_TESTABILITY = YES;
				GCC_C_LANGUAGE_STANDARD = gnu11;
				GCC_DYNAMIC_NO_PIC = NO;
				GCC_NO_COMMON_BLOCKS = YES;
				GCC_OPTIMIZATION_LEVEL = 0;
				GCC_PREPROCESSOR_DEFINITIONS = (
					"DEBUG=1",
					"$(inherited)",
				);
				GCC_WARN_64_TO_32_BIT_CONVERSION = YES;
				GCC_WARN_ABOUT_RETURN_TYPE = YES_ERROR;
				GCC_WARN_UNDECLARED_SELECTOR = YES;
				GCC_WARN_UNINITIALIZED_AUTOS = YES_AGGRESSIVE;
				GCC_WARN_UNUSED_FUNCTION = YES;
				GCC_WARN_UNUSED_VARIABLE = YES;
				IPHONEOS_DEPLOYMENT_TARGET = 11.0;
				MTL_ENABLE_DEBUG_INFO = YES;
				ONLY_ACTIVE_ARCH = YES;
				SDKROOT = iphoneos;
				SWIFT_ACTIVE_COMPILATION_CONDITIONS = DEBUG;
				SWIFT_OPTIMIZATION_LEVEL = "-Onone";
			};
			name = Debug;
		};
		44A95D3D1F82E14A003F4982 /* Release */ = {
			isa = XCBuildConfiguration;
			buildSettings = {
				ALWAYS_SEARCH_USER_PATHS = NO;
				CLANG_ANALYZER_NONNULL = YES;
				CLANG_ANALYZER_NUMBER_OBJECT_CONVERSION = YES_AGGRESSIVE;
				CLANG_CXX_LANGUAGE_STANDARD = "gnu++14";
				CLANG_CXX_LIBRARY = "libc++";
				CLANG_ENABLE_MODULES = YES;
				CLANG_ENABLE_OBJC_ARC = YES;
				CLANG_WARN_BLOCK_CAPTURE_AUTORELEASING = YES;
				CLANG_WARN_BOOL_CONVERSION = YES;
				CLANG_WARN_COMMA = YES;
				CLANG_WARN_CONSTANT_CONVERSION = YES;
				CLANG_WARN_DIRECT_OBJC_ISA_USAGE = YES_ERROR;
				CLANG_WARN_DOCUMENTATION_COMMENTS = YES;
				CLANG_WARN_EMPTY_BODY = YES;
				CLANG_WARN_ENUM_CONVERSION = YES;
				CLANG_WARN_INFINITE_RECURSION = YES;
				CLANG_WARN_INT_CONVERSION = YES;
				CLANG_WARN_NON_LITERAL_NULL_CONVERSION = YES;
				CLANG_WARN_OBJC_LITERAL_CONVERSION = YES;
				CLANG_WARN_OBJC_ROOT_CLASS = YES_ERROR;
				CLANG_WARN_RANGE_LOOP_ANALYSIS = YES;
				CLANG_WARN_STRICT_PROTOTYPES = YES;
				CLANG_WARN_SUSPICIOUS_MOVE = YES;
				CLANG_WARN_UNGUARDED_AVAILABILITY = YES_AGGRESSIVE;
				CLANG_WARN_UNREACHABLE_CODE = YES;
				CLANG_WARN__DUPLICATE_METHOD_MATCH = YES;
				CODE_SIGN_IDENTITY = "iPhone Developer";
				COPY_PHASE_STRIP = NO;
				DEBUG_INFORMATION_FORMAT = "dwarf-with-dsym";
				ENABLE_NS_ASSERTIONS = NO;
				ENABLE_STRICT_OBJC_MSGSEND = YES;
				GCC_C_LANGUAGE_STANDARD = gnu11;
				GCC_NO_COMMON_BLOCKS = YES;
				GCC_WARN_64_TO_32_BIT_CONVERSION = YES;
				GCC_WARN_ABOUT_RETURN_TYPE = YES_ERROR;
				GCC_WARN_UNDECLARED_SELECTOR = YES;
				GCC_WARN_UNINITIALIZED_AUTOS = YES_AGGRESSIVE;
				GCC_WARN_UNUSED_FUNCTION = YES;
				GCC_WARN_UNUSED_VARIABLE = YES;
				IPHONEOS_DEPLOYMENT_TARGET = 11.0;
				MTL_ENABLE_DEBUG_INFO = NO;
				SDKROOT = iphoneos;
				SWIFT_OPTIMIZATION_LEVEL = "-Owholemodule";
				VALIDATE_PRODUCT = YES;
			};
			name = Release;
		};
		44A95D3F1F82E14A003F4982 /* Debug */ = {
			isa = XCBuildConfiguration;
			baseConfigurationReference = A6968091B71D3F0E3C32D1F5 /* Pods-ios-sdk-example-app.debug.xcconfig */;
			buildSettings = {
				ASSETCATALOG_COMPILER_APPICON_NAME = AppIcon;
				CODE_SIGN_ENTITLEMENTS = "ios-sdk-example-app/ios-sdk-example-app.entitlements";
				CODE_SIGN_IDENTITY = "iPhone Developer";
				"CODE_SIGN_IDENTITY[sdk=iphoneos*]" = "iPhone Developer";
				CODE_SIGN_STYLE = Automatic;
				DEVELOPMENT_TEAM = 82JZ36C4C7;
				INFOPLIST_FILE = "ios-sdk-example-app/Info.plist";
				LD_RUNPATH_SEARCH_PATHS = "$(inherited) @executable_path/Frameworks";
				PRODUCT_BUNDLE_IDENTIFIER = "com.vibes.push.VibesPush.sdk-example-app";
				PRODUCT_NAME = "$(TARGET_NAME)";
				PROVISIONING_PROFILE = "";
				PROVISIONING_PROFILE_SPECIFIER = "";
				SWIFT_VERSION = 4.0;
				TARGETED_DEVICE_FAMILY = "1,2";
			};
			name = Debug;
		};
		44A95D401F82E14A003F4982 /* Release */ = {
			isa = XCBuildConfiguration;
			baseConfigurationReference = FD6CF86CC516414E4CE7712C /* Pods-ios-sdk-example-app.release.xcconfig */;
			buildSettings = {
				ASSETCATALOG_COMPILER_APPICON_NAME = AppIcon;
				CODE_SIGN_ENTITLEMENTS = "ios-sdk-example-app/ios-sdk-example-app.entitlements";
				CODE_SIGN_IDENTITY = "iPhone Developer";
				"CODE_SIGN_IDENTITY[sdk=iphoneos*]" = "iPhone Developer";
				CODE_SIGN_STYLE = Automatic;
				DEVELOPMENT_TEAM = 82JZ36C4C7;
				INFOPLIST_FILE = "ios-sdk-example-app/Info.plist";
				LD_RUNPATH_SEARCH_PATHS = "$(inherited) @executable_path/Frameworks";
				PRODUCT_BUNDLE_IDENTIFIER = "com.vibes.push.VibesPush.sdk-example-app";
				PRODUCT_NAME = "$(TARGET_NAME)";
				PROVISIONING_PROFILE = "";
				PROVISIONING_PROFILE_SPECIFIER = "";
				SWIFT_VERSION = 4.0;
				TARGETED_DEVICE_FAMILY = "1,2";
			};
			name = Release;
		};
/* End XCBuildConfiguration section */

/* Begin XCConfigurationList section */
		44A95D2C1F82E14A003F4982 /* Build configuration list for PBXProject "ios-sdk-example-app" */ = {
			isa = XCConfigurationList;
			buildConfigurations = (
				44A95D3C1F82E14A003F4982 /* Debug */,
				44A95D3D1F82E14A003F4982 /* Release */,
			);
			defaultConfigurationIsVisible = 0;
			defaultConfigurationName = Release;
		};
		44A95D3E1F82E14A003F4982 /* Build configuration list for PBXNativeTarget "ios-sdk-example-app" */ = {
			isa = XCConfigurationList;
			buildConfigurations = (
				44A95D3F1F82E14A003F4982 /* Debug */,
				44A95D401F82E14A003F4982 /* Release */,
			);
			defaultConfigurationIsVisible = 0;
			defaultConfigurationName = Release;
		};
/* End XCConfigurationList section */
	};
	rootObject = 44A95D291F82E14A003F4982 /* Project object */;
}
